
Microsoft Visual Studio Solution File, Format Version 12.00
# Visual Studio Version 17
VisualStudioVersion = 17.4.33213.308
MinimumVisualStudioVersion = 10.0.40219.1
Project("{FAE04EC0-301F-11D3-BF4B-00C04F79EFBC}") = "practica9", "practica9\practica9.csproj", "{8F9DC0E8-53EC-4CAB-A90E-6BA371E99DF1}"
EndProject
Global
	GlobalSection(SolutionConfigurationPlatforms) = preSolution
		Debug|Any CPU = Debug|Any CPU
		Release|Any CPU = Release|Any CPU
	EndGlobalSection
	GlobalSection(ProjectConfigurationPlatforms) = postSolution
		{8F9DC0E8-53EC-4CAB-A90E-6BA371E99DF1}.Debug|Any CPU.ActiveCfg = Debug|Any CPU
		{8F9DC0E8-53EC-4CAB-A90E-6BA371E99DF1}.Debug|Any CPU.Build.0 = Debug|Any CPU
		{8F9DC0E8-53EC-4CAB-A90E-6BA371E99DF1}.Release|Any CPU.ActiveCfg = Release|Any CPU
		{8F9DC0E8-53EC-4CAB-A90E-6BA371E99DF1}.Release|Any CPU.Build.0 = Release|Any CPU
	EndGlobalSection
	GlobalSection(SolutionProperties) = preSolution
		HideSolutionNode = FALSE
	EndGlobalSection
	GlobalSection(ExtensibilityGlobals) = postSolution
		SolutionGuid = {0087A55E-2895-436A-8F85-183EA7EFE277}
	EndGlobalSection
EndGlobal
